
Microsoft Visual Studio Solution File, Format Version 12.00
# Visual Studio Version 16
VisualStudioVersion = 16.0.30225.117
MinimumVisualStudioVersion = 10.0.40219.1
Project("{FAE04EC0-301F-11D3-BF4B-00C04F79EFBC}") = "Mirle.BigDataCollection", "Mirle.BigDataCollection\Mirle.BigDataCollection.csproj", "{CA907887-A356-44E1-AA9F-93541B20E133}"
EndProject
Project("{FAE04EC0-301F-11D3-BF4B-00C04F79EFBC}") = "TibcoPublisher", "TibcoPublisher\TibcoPublisher.csproj", "{1909ADEE-3BF1-43D7-99EB-67861B5071DC}"
EndProject
Project("{FAE04EC0-301F-11D3-BF4B-00C04F79EFBC}") = "TibcoTest", "TibcoTest\TibcoTest.csproj", "{D6425E39-EA11-49FE-8618-44FA6FB38E16}"
EndProject
Global
	GlobalSection(SolutionConfigurationPlatforms) = preSolution
		Debug|Any CPU = Debug|Any CPU
		Release|Any CPU = Release|Any CPU
	EndGlobalSection
	GlobalSection(ProjectConfigurationPlatforms) = postSolution
		{CA907887-A356-44E1-AA9F-93541B20E133}.Debug|Any CPU.ActiveCfg = Debug|Any CPU
		{CA907887-A356-44E1-AA9F-93541B20E133}.Debug|Any CPU.Build.0 = Debug|Any CPU
		{CA907887-A356-44E1-AA9F-93541B20E133}.Release|Any CPU.ActiveCfg = Release|Any CPU
		{CA907887-A356-44E1-AA9F-93541B20E133}.Release|Any CPU.Build.0 = Release|Any CPU
		{1909ADEE-3BF1-43D7-99EB-67861B5071DC}.Debug|Any CPU.ActiveCfg = Debug|Any CPU
		{1909ADEE-3BF1-43D7-99EB-67861B5071DC}.Debug|Any CPU.Build.0 = Debug|Any CPU
		{1909ADEE-3BF1-43D7-99EB-67861B5071DC}.Release|Any CPU.ActiveCfg = Release|Any CPU
		{1909ADEE-3BF1-43D7-99EB-67861B5071DC}.Release|Any CPU.Build.0 = Release|Any CPU
		{D6425E39-EA11-49FE-8618-44FA6FB38E16}.Debug|Any CPU.ActiveCfg = Debug|Any CPU
		{D6425E39-EA11-49FE-8618-44FA6FB38E16}.Debug|Any CPU.Build.0 = Debug|Any CPU
		{D6425E39-EA11-49FE-8618-44FA6FB38E16}.Release|Any CPU.ActiveCfg = Release|Any CPU
		{D6425E39-EA11-49FE-8618-44FA6FB38E16}.Release|Any CPU.Build.0 = Release|Any CPU
	EndGlobalSection
	GlobalSection(SolutionProperties) = preSolution
		HideSolutionNode = FALSE
	EndGlobalSection
	GlobalSection(ExtensibilityGlobals) = postSolution
		SolutionGuid = {63A5208E-01AA-4328-A527-41ADF5DDE2A4}
	EndGlobalSection
EndGlobal
